
Microsoft Visual Studio Solution File, Format Version 12.00
# Visual Studio Version 17
VisualStudioVersion = 17.13.35825.156 d17.13
MinimumVisualStudioVersion = 10.0.40219.1
Project("{FAE04EC0-301F-11D3-BF4B-00C04F79EFBC}") = "SchoolSystem", "Dashboard\SchoolSystem.csproj", "{95E55A23-175F-4EA4-9B61-5AE11E58FE18}"
EndProject
Global
	GlobalSection(SolutionConfigurationPlatforms) = preSolution
		Debug|Any CPU = Debug|Any CPU
		Release|Any CPU = Release|Any CPU
	EndGlobalSection
	GlobalSection(ProjectConfigurationPlatforms) = postSolution
		{95E55A23-175F-4EA4-9B61-5AE11E58FE18}.Debug|Any CPU.ActiveCfg = Debug|Any CPU
		{95E55A23-175F-4EA4-9B61-5AE11E58FE18}.Debug|Any CPU.Build.0 = Debug|Any CPU
		{95E55A23-175F-4EA4-9B61-5AE11E58FE18}.Release|Any CPU.ActiveCfg = Release|Any CPU
		{95E55A23-175F-4EA4-9B61-5AE11E58FE18}.Release|Any CPU.Build.0 = Release|Any CPU
	EndGlobalSection
	GlobalSection(SolutionProperties) = preSolution
		HideSolutionNode = FALSE
	EndGlobalSection
	GlobalSection(ExtensibilityGlobals) = postSolution
		SolutionGuid = {6391EC9D-4803-41A1-8630-B85C4248179B}
	EndGlobalSection
EndGlobal
